
Microsoft Visual Studio Solution File, Format Version 12.00
# Visual Studio Version 16
VisualStudioVersion = 16.0.31911.196
MinimumVisualStudioVersion = 10.0.40219.1
Project("{2150E333-8FDC-42A3-9474-1A3956D46DE8}") = "Source", "Source", "{59E79800-B43C-4A1D-8BBA-76CB70E1E1E7}"
EndProject
Project("{2150E333-8FDC-42A3-9474-1A3956D46DE8}") = "Core", "Core", "{3CDB8CFD-6B6E-4926-84AE-DB2B3749CCA9}"
EndProject
Project("{2150E333-8FDC-42A3-9474-1A3956D46DE8}") = "Infrastructure", "Infrastructure", "{4EAC5518-4985-4838-8B87-36CA5C4D9DAB}"
EndProject
Project("{2150E333-8FDC-42A3-9474-1A3956D46DE8}") = "UI", "UI", "{1EC8429E-E2BA-4825-8070-B6004A6BC630}"
EndProject
Project("{FAE04EC0-301F-11D3-BF4B-00C04F79EFBC}") = "Domain", "Domain\Domain.csproj", "{FC744C6D-3B9A-441F-A1FD-75782F5B7D3E}"
EndProject
Project("{FAE04EC0-301F-11D3-BF4B-00C04F79EFBC}") = "Application", "Application\Application.csproj", "{5CF720B2-1394-437E-9BA4-0A061C9E4ACD}"
EndProject
Project("{FAE04EC0-301F-11D3-BF4B-00C04F79EFBC}") = "Persistance", "Persistance\Persistance.csproj", "{D0FB327A-9708-4477-AC0C-4163413CBCE4}"
EndProject
Project("{FAE04EC0-301F-11D3-BF4B-00C04F79EFBC}") = "API", "API\API.csproj", "{8EDB15DC-6099-4EF6-9D1F-DA2F29E5F484}"
EndProject
Global
	GlobalSection(SolutionConfigurationPlatforms) = preSolution
		Debug|Any CPU = Debug|Any CPU
		Release|Any CPU = Release|Any CPU
	EndGlobalSection
	GlobalSection(ProjectConfigurationPlatforms) = postSolution
		{FC744C6D-3B9A-441F-A1FD-75782F5B7D3E}.Debug|Any CPU.ActiveCfg = Debug|Any CPU
		{FC744C6D-3B9A-441F-A1FD-75782F5B7D3E}.Debug|Any CPU.Build.0 = Debug|Any CPU
		{FC744C6D-3B9A-441F-A1FD-75782F5B7D3E}.Release|Any CPU.ActiveCfg = Release|Any CPU
		{FC744C6D-3B9A-441F-A1FD-75782F5B7D3E}.Release|Any CPU.Build.0 = Release|Any CPU
		{5CF720B2-1394-437E-9BA4-0A061C9E4ACD}.Debug|Any CPU.ActiveCfg = Debug|Any CPU
		{5CF720B2-1394-437E-9BA4-0A061C9E4ACD}.Debug|Any CPU.Build.0 = Debug|Any CPU
		{5CF720B2-1394-437E-9BA4-0A061C9E4ACD}.Release|Any CPU.ActiveCfg = Release|Any CPU
		{5CF720B2-1394-437E-9BA4-0A061C9E4ACD}.Release|Any CPU.Build.0 = Release|Any CPU
		{D0FB327A-9708-4477-AC0C-4163413CBCE4}.Debug|Any CPU.ActiveCfg = Debug|Any CPU
		{D0FB327A-9708-4477-AC0C-4163413CBCE4}.Debug|Any CPU.Build.0 = Debug|Any CPU
		{D0FB327A-9708-4477-AC0C-4163413CBCE4}.Release|Any CPU.ActiveCfg = Release|Any CPU
		{D0FB327A-9708-4477-AC0C-4163413CBCE4}.Release|Any CPU.Build.0 = Release|Any CPU
		{8EDB15DC-6099-4EF6-9D1F-DA2F29E5F484}.Debug|Any CPU.ActiveCfg = Debug|Any CPU
		{8EDB15DC-6099-4EF6-9D1F-DA2F29E5F484}.Debug|Any CPU.Build.0 = Debug|Any CPU
		{8EDB15DC-6099-4EF6-9D1F-DA2F29E5F484}.Release|Any CPU.ActiveCfg = Release|Any CPU
		{8EDB15DC-6099-4EF6-9D1F-DA2F29E5F484}.Release|Any CPU.Build.0 = Release|Any CPU
	EndGlobalSection
	GlobalSection(SolutionProperties) = preSolution
		HideSolutionNode = FALSE
	EndGlobalSection
	GlobalSection(NestedProjects) = preSolution
		{3CDB8CFD-6B6E-4926-84AE-DB2B3749CCA9} = {59E79800-B43C-4A1D-8BBA-76CB70E1E1E7}
		{4EAC5518-4985-4838-8B87-36CA5C4D9DAB} = {59E79800-B43C-4A1D-8BBA-76CB70E1E1E7}
		{1EC8429E-E2BA-4825-8070-B6004A6BC630} = {59E79800-B43C-4A1D-8BBA-76CB70E1E1E7}
		{FC744C6D-3B9A-441F-A1FD-75782F5B7D3E} = {3CDB8CFD-6B6E-4926-84AE-DB2B3749CCA9}
		{5CF720B2-1394-437E-9BA4-0A061C9E4ACD} = {3CDB8CFD-6B6E-4926-84AE-DB2B3749CCA9}
		{D0FB327A-9708-4477-AC0C-4163413CBCE4} = {4EAC5518-4985-4838-8B87-36CA5C4D9DAB}
		{8EDB15DC-6099-4EF6-9D1F-DA2F29E5F484} = {1EC8429E-E2BA-4825-8070-B6004A6BC630}
	EndGlobalSection
	GlobalSection(ExtensibilityGlobals) = postSolution
		SolutionGuid = {CD5BCCF4-3A64-4A79-846F-BAD8FCC70DB1}
	EndGlobalSection
EndGlobal
